
Microsoft Visual Studio Solution File, Format Version 12.00
# Visual Studio Version 17
VisualStudioVersion = 17.11.35303.130
MinimumVisualStudioVersion = 10.0.40219.1
Project("{9A19103F-16F7-4668-BE54-9A1E7A4F7556}") = "Kamp1", "Kamp1\Kamp1.csproj", "{097C9B0F-692D-4BAA-A6F0-8DE91D7DA66D}"
EndProject
Project("{9A19103F-16F7-4668-BE54-9A1E7A4F7556}") = "Kamp2", "Kamp2\Kamp2.csproj", "{B06858EE-F39C-4333-A372-D1013028F6A9}"
EndProject
Project("{9A19103F-16F7-4668-BE54-9A1E7A4F7556}") = "Kamp3", "Kamp3\Kamp3.csproj", "{1B969997-E04F-4749-9614-5B0987463C41}"
EndProject
Project("{FAE04EC0-301F-11D3-BF4B-00C04F79EFBC}") = "Kamp4", "Kamp4\Kamp4.csproj", "{3F1D8ED3-F22C-49BE-ACB8-E864BBAB3370}"
EndProject
Project("{FAE04EC0-301F-11D3-BF4B-00C04F79EFBC}") = "Kamp5", "Kamp5\Kamp5.csproj", "{C4F741C2-33B6-4BE5-86EC-6CF5D2B79034}"
EndProject
Global
	GlobalSection(SolutionConfigurationPlatforms) = preSolution
		Debug|Any CPU = Debug|Any CPU
		Release|Any CPU = Release|Any CPU
	EndGlobalSection
	GlobalSection(ProjectConfigurationPlatforms) = postSolution
		{097C9B0F-692D-4BAA-A6F0-8DE91D7DA66D}.Debug|Any CPU.ActiveCfg = Debug|Any CPU
		{097C9B0F-692D-4BAA-A6F0-8DE91D7DA66D}.Debug|Any CPU.Build.0 = Debug|Any CPU
		{097C9B0F-692D-4BAA-A6F0-8DE91D7DA66D}.Release|Any CPU.ActiveCfg = Release|Any CPU
		{097C9B0F-692D-4BAA-A6F0-8DE91D7DA66D}.Release|Any CPU.Build.0 = Release|Any CPU
		{B06858EE-F39C-4333-A372-D1013028F6A9}.Debug|Any CPU.ActiveCfg = Debug|Any CPU
		{B06858EE-F39C-4333-A372-D1013028F6A9}.Debug|Any CPU.Build.0 = Debug|Any CPU
		{B06858EE-F39C-4333-A372-D1013028F6A9}.Release|Any CPU.ActiveCfg = Release|Any CPU
		{B06858EE-F39C-4333-A372-D1013028F6A9}.Release|Any CPU.Build.0 = Release|Any CPU
		{1B969997-E04F-4749-9614-5B0987463C41}.Debug|Any CPU.ActiveCfg = Debug|Any CPU
		{1B969997-E04F-4749-9614-5B0987463C41}.Debug|Any CPU.Build.0 = Debug|Any CPU
		{1B969997-E04F-4749-9614-5B0987463C41}.Release|Any CPU.ActiveCfg = Release|Any CPU
		{1B969997-E04F-4749-9614-5B0987463C41}.Release|Any CPU.Build.0 = Release|Any CPU
		{3F1D8ED3-F22C-49BE-ACB8-E864BBAB3370}.Debug|Any CPU.ActiveCfg = Debug|Any CPU
		{3F1D8ED3-F22C-49BE-ACB8-E864BBAB3370}.Debug|Any CPU.Build.0 = Debug|Any CPU
		{3F1D8ED3-F22C-49BE-ACB8-E864BBAB3370}.Release|Any CPU.ActiveCfg = Release|Any CPU
		{3F1D8ED3-F22C-49BE-ACB8-E864BBAB3370}.Release|Any CPU.Build.0 = Release|Any CPU
		{C4F741C2-33B6-4BE5-86EC-6CF5D2B79034}.Debug|Any CPU.ActiveCfg = Debug|Any CPU
		{C4F741C2-33B6-4BE5-86EC-6CF5D2B79034}.Debug|Any CPU.Build.0 = Debug|Any CPU
		{C4F741C2-33B6-4BE5-86EC-6CF5D2B79034}.Release|Any CPU.ActiveCfg = Release|Any CPU
		{C4F741C2-33B6-4BE5-86EC-6CF5D2B79034}.Release|Any CPU.Build.0 = Release|Any CPU
	EndGlobalSection
	GlobalSection(SolutionProperties) = preSolution
		HideSolutionNode = FALSE
	EndGlobalSection
	GlobalSection(ExtensibilityGlobals) = postSolution
		SolutionGuid = {D75D3568-D4CD-4D93-9336-5F1C7ABFA7D8}
	EndGlobalSection
EndGlobal
